{
  "name": "ImagesManipulationAndWatermark",
  "lockfileVersion": 2,
  "requires": true,
  "packages": {
    "": {
      "dependencies": {
        "image-file-resize": "^1.0.5"
      }
    },
    "node_modules/image-file-resize": {
      "version": "1.0.5",
      "resolved": "https://registry.npmjs.org/image-file-resize/-/image-file-resize-1.0.5.tgz",
      "integrity": "sha512-YCJdPe2sEXQZzUWeC+NiQuMAnw9sd3VDQOlDfSrbOUR/jDk3K25qww2mXPWTVj4+WY7vQVr/XRpyP0QRyYiVag=="
    }
  },
  "dependencies": {
    "image-file-resize": {
      "version": "1.0.5",
      "resolved": "https://registry.npmjs.org/image-file-resize/-/image-file-resize-1.0.5.tgz",
      "integrity": "sha512-YCJdPe2sEXQZzUWeC+NiQuMAnw9sd3VDQOlDfSrbOUR/jDk3K25qww2mXPWTVj4+WY7vQVr/XRpyP0QRyYiVag=="
    }
  }
}
